
Microsoft Visual Studio Solution File, Format Version 12.00
# Visual Studio Version 16
VisualStudioVersion = 16.0.32106.194
MinimumVisualStudioVersion = 10.0.40219.1
Project("{FAE04EC0-301F-11D3-BF4B-00C04F79EFBC}") = "PriceTrackerMobile.Android", "PriceTrackerMobile.Android\PriceTrackerMobile.Android.csproj", "{567643BA-9812-4C05-8FF6-D825D29837E8}"
EndProject
Project("{FAE04EC0-301F-11D3-BF4B-00C04F79EFBC}") = "PriceTrackerMobile.iOS", "PriceTrackerMobile.iOS\PriceTrackerMobile.iOS.csproj", "{F58A1498-0AB8-4D06-AE38-2B2372F1339C}"
EndProject
Project("{9A19103F-16F7-4668-BE54-9A1E7A4F7556}") = "PriceTrackerMobile", "PriceTrackerMobile\PriceTrackerMobile.csproj", "{4F98BD9B-9E85-46C9-B60B-A1A4A2EC832B}"
EndProject
Project("{FAE04EC0-301F-11D3-BF4B-00C04F79EFBC}") = "CrossPlatformUITest", "CrossPlatformUITest\CrossPlatformUITest.csproj", "{F7CD1DD3-138A-4357-9071-95E350E0C2DC}"
EndProject
Project("{FAE04EC0-301F-11D3-BF4B-00C04F79EFBC}") = "UnitTest", "UnitTest\UnitTest.csproj", "{8C08B01F-3C2B-4EDA-8F85-FC19DEC5E10E}"
EndProject
Global
	GlobalSection(SolutionConfigurationPlatforms) = preSolution
		Debug|Any CPU = Debug|Any CPU
		Debug|iPhone = Debug|iPhone
		Debug|iPhoneSimulator = Debug|iPhoneSimulator
		Release|Any CPU = Release|Any CPU
		Release|iPhone = Release|iPhone
		Release|iPhoneSimulator = Release|iPhoneSimulator
	EndGlobalSection
	GlobalSection(ProjectConfigurationPlatforms) = postSolution
		{567643BA-9812-4C05-8FF6-D825D29837E8}.Debug|Any CPU.ActiveCfg = Debug|Any CPU
		{567643BA-9812-4C05-8FF6-D825D29837E8}.Debug|Any CPU.Build.0 = Debug|Any CPU
		{567643BA-9812-4C05-8FF6-D825D29837E8}.Debug|Any CPU.Deploy.0 = Debug|Any CPU
		{567643BA-9812-4C05-8FF6-D825D29837E8}.Debug|iPhone.ActiveCfg = Debug|Any CPU
		{567643BA-9812-4C05-8FF6-D825D29837E8}.Debug|iPhone.Build.0 = Debug|Any CPU
		{567643BA-9812-4C05-8FF6-D825D29837E8}.Debug|iPhone.Deploy.0 = Debug|Any CPU
		{567643BA-9812-4C05-8FF6-D825D29837E8}.Debug|iPhoneSimulator.ActiveCfg = Debug|Any CPU
		{567643BA-9812-4C05-8FF6-D825D29837E8}.Debug|iPhoneSimulator.Build.0 = Debug|Any CPU
		{567643BA-9812-4C05-8FF6-D825D29837E8}.Debug|iPhoneSimulator.Deploy.0 = Debug|Any CPU
		{567643BA-9812-4C05-8FF6-D825D29837E8}.Release|Any CPU.ActiveCfg = Release|Any CPU
		{567643BA-9812-4C05-8FF6-D825D29837E8}.Release|Any CPU.Build.0 = Release|Any CPU
		{567643BA-9812-4C05-8FF6-D825D29837E8}.Release|Any CPU.Deploy.0 = Release|Any CPU
		{567643BA-9812-4C05-8FF6-D825D29837E8}.Release|iPhone.ActiveCfg = Release|Any CPU
		{567643BA-9812-4C05-8FF6-D825D29837E8}.Release|iPhone.Build.0 = Release|Any CPU
		{567643BA-9812-4C05-8FF6-D825D29837E8}.Release|iPhone.Deploy.0 = Release|Any CPU
		{567643BA-9812-4C05-8FF6-D825D29837E8}.Release|iPhoneSimulator.ActiveCfg = Release|Any CPU
		{567643BA-9812-4C05-8FF6-D825D29837E8}.Release|iPhoneSimulator.Build.0 = Release|Any CPU
		{567643BA-9812-4C05-8FF6-D825D29837E8}.Release|iPhoneSimulator.Deploy.0 = Release|Any CPU
		{F58A1498-0AB8-4D06-AE38-2B2372F1339C}.Debug|Any CPU.ActiveCfg = Debug|iPhone
		{F58A1498-0AB8-4D06-AE38-2B2372F1339C}.Debug|Any CPU.Build.0 = Debug|iPhone
		{F58A1498-0AB8-4D06-AE38-2B2372F1339C}.Debug|Any CPU.Deploy.0 = Debug|iPhone
		{F58A1498-0AB8-4D06-AE38-2B2372F1339C}.Debug|iPhone.ActiveCfg = Debug|iPhone
		{F58A1498-0AB8-4D06-AE38-2B2372F1339C}.Debug|iPhone.Build.0 = Debug|iPhone
		{F58A1498-0AB8-4D06-AE38-2B2372F1339C}.Debug|iPhone.Deploy.0 = Debug|iPhone
		{F58A1498-0AB8-4D06-AE38-2B2372F1339C}.Debug|iPhoneSimulator.ActiveCfg = Debug|iPhoneSimulator
		{F58A1498-0AB8-4D06-AE38-2B2372F1339C}.Debug|iPhoneSimulator.Build.0 = Debug|iPhoneSimulator
		{F58A1498-0AB8-4D06-AE38-2B2372F1339C}.Debug|iPhoneSimulator.Deploy.0 = Debug|iPhoneSimulator
		{F58A1498-0AB8-4D06-AE38-2B2372F1339C}.Release|Any CPU.ActiveCfg = Release|iPhoneSimulator
		{F58A1498-0AB8-4D06-AE38-2B2372F1339C}.Release|Any CPU.Build.0 = Release|iPhoneSimulator
		{F58A1498-0AB8-4D06-AE38-2B2372F1339C}.Release|Any CPU.Deploy.0 = Release|iPhoneSimulator
		{F58A1498-0AB8-4D06-AE38-2B2372F1339C}.Release|iPhone.ActiveCfg = Release|iPhone
		{F58A1498-0AB8-4D06-AE38-2B2372F1339C}.Release|iPhone.Build.0 = Release|iPhone
		{F58A1498-0AB8-4D06-AE38-2B2372F1339C}.Release|iPhone.Deploy.0 = Release|iPhone
		{F58A1498-0AB8-4D06-AE38-2B2372F1339C}.Release|iPhoneSimulator.ActiveCfg = Release|iPhoneSimulator
		{F58A1498-0AB8-4D06-AE38-2B2372F1339C}.Release|iPhoneSimulator.Build.0 = Release|iPhoneSimulator
		{F58A1498-0AB8-4D06-AE38-2B2372F1339C}.Release|iPhoneSimulator.Deploy.0 = Release|iPhoneSimulator
		{4F98BD9B-9E85-46C9-B60B-A1A4A2EC832B}.Debug|Any CPU.ActiveCfg = Debug|Any CPU
		{4F98BD9B-9E85-46C9-B60B-A1A4A2EC832B}.Debug|Any CPU.Build.0 = Debug|Any CPU
		{4F98BD9B-9E85-46C9-B60B-A1A4A2EC832B}.Debug|Any CPU.Deploy.0 = Debug|Any CPU
		{4F98BD9B-9E85-46C9-B60B-A1A4A2EC832B}.Debug|iPhone.ActiveCfg = Debug|Any CPU
		{4F98BD9B-9E85-46C9-B60B-A1A4A2EC832B}.Debug|iPhone.Build.0 = Debug|Any CPU
		{4F98BD9B-9E85-46C9-B60B-A1A4A2EC832B}.Debug|iPhone.Deploy.0 = Debug|Any CPU
		{4F98BD9B-9E85-46C9-B60B-A1A4A2EC832B}.Debug|iPhoneSimulator.ActiveCfg = Debug|Any CPU
		{4F98BD9B-9E85-46C9-B60B-A1A4A2EC832B}.Debug|iPhoneSimulator.Build.0 = Debug|Any CPU
		{4F98BD9B-9E85-46C9-B60B-A1A4A2EC832B}.Debug|iPhoneSimulator.Deploy.0 = Debug|Any CPU
		{4F98BD9B-9E85-46C9-B60B-A1A4A2EC832B}.Release|Any CPU.ActiveCfg = Release|Any CPU
		{4F98BD9B-9E85-46C9-B60B-A1A4A2EC832B}.Release|Any CPU.Build.0 = Release|Any CPU
		{4F98BD9B-9E85-46C9-B60B-A1A4A2EC832B}.Release|Any CPU.Deploy.0 = Release|Any CPU
		{4F98BD9B-9E85-46C9-B60B-A1A4A2EC832B}.Release|iPhone.ActiveCfg = Release|Any CPU
		{4F98BD9B-9E85-46C9-B60B-A1A4A2EC832B}.Release|iPhone.Build.0 = Release|Any CPU
		{4F98BD9B-9E85-46C9-B60B-A1A4A2EC832B}.Release|iPhone.Deploy.0 = Release|Any CPU
		{4F98BD9B-9E85-46C9-B60B-A1A4A2EC832B}.Release|iPhoneSimulator.ActiveCfg = Release|Any CPU
		{4F98BD9B-9E85-46C9-B60B-A1A4A2EC832B}.Release|iPhoneSimulator.Build.0 = Release|Any CPU
		{4F98BD9B-9E85-46C9-B60B-A1A4A2EC832B}.Release|iPhoneSimulator.Deploy.0 = Release|Any CPU
		{F7CD1DD3-138A-4357-9071-95E350E0C2DC}.Debug|Any CPU.ActiveCfg = Debug|Any CPU
		{F7CD1DD3-138A-4357-9071-95E350E0C2DC}.Debug|Any CPU.Build.0 = Debug|Any CPU
		{F7CD1DD3-138A-4357-9071-95E350E0C2DC}.Debug|iPhone.ActiveCfg = Debug|Any CPU
		{F7CD1DD3-138A-4357-9071-95E350E0C2DC}.Debug|iPhone.Build.0 = Debug|Any CPU
		{F7CD1DD3-138A-4357-9071-95E350E0C2DC}.Debug|iPhoneSimulator.ActiveCfg = Debug|Any CPU
		{F7CD1DD3-138A-4357-9071-95E350E0C2DC}.Debug|iPhoneSimulator.Build.0 = Debug|Any CPU
		{F7CD1DD3-138A-4357-9071-95E350E0C2DC}.Release|Any CPU.ActiveCfg = Release|Any CPU
		{F7CD1DD3-138A-4357-9071-95E350E0C2DC}.Release|Any CPU.Build.0 = Release|Any CPU
		{F7CD1DD3-138A-4357-9071-95E350E0C2DC}.Release|iPhone.ActiveCfg = Release|Any CPU
		{F7CD1DD3-138A-4357-9071-95E350E0C2DC}.Release|iPhone.Build.0 = Release|Any CPU
		{F7CD1DD3-138A-4357-9071-95E350E0C2DC}.Release|iPhoneSimulator.ActiveCfg = Release|Any CPU
		{F7CD1DD3-138A-4357-9071-95E350E0C2DC}.Release|iPhoneSimulator.Build.0 = Release|Any CPU
		{8C08B01F-3C2B-4EDA-8F85-FC19DEC5E10E}.Debug|Any CPU.ActiveCfg = Debug|Any CPU
		{8C08B01F-3C2B-4EDA-8F85-FC19DEC5E10E}.Debug|Any CPU.Build.0 = Debug|Any CPU
		{8C08B01F-3C2B-4EDA-8F85-FC19DEC5E10E}.Debug|iPhone.ActiveCfg = Debug|Any CPU
		{8C08B01F-3C2B-4EDA-8F85-FC19DEC5E10E}.Debug|iPhone.Build.0 = Debug|Any CPU
		{8C08B01F-3C2B-4EDA-8F85-FC19DEC5E10E}.Debug|iPhoneSimulator.ActiveCfg = Debug|Any CPU
		{8C08B01F-3C2B-4EDA-8F85-FC19DEC5E10E}.Debug|iPhoneSimulator.Build.0 = Debug|Any CPU
		{8C08B01F-3C2B-4EDA-8F85-FC19DEC5E10E}.Release|Any CPU.ActiveCfg = Release|Any CPU
		{8C08B01F-3C2B-4EDA-8F85-FC19DEC5E10E}.Release|Any CPU.Build.0 = Release|Any CPU
		{8C08B01F-3C2B-4EDA-8F85-FC19DEC5E10E}.Release|iPhone.ActiveCfg = Release|Any CPU
		{8C08B01F-3C2B-4EDA-8F85-FC19DEC5E10E}.Release|iPhone.Build.0 = Release|Any CPU
		{8C08B01F-3C2B-4EDA-8F85-FC19DEC5E10E}.Release|iPhoneSimulator.ActiveCfg = Release|Any CPU
		{8C08B01F-3C2B-4EDA-8F85-FC19DEC5E10E}.Release|iPhoneSimulator.Build.0 = Release|Any CPU
	EndGlobalSection
	GlobalSection(SolutionProperties) = preSolution
		HideSolutionNode = FALSE
	EndGlobalSection
	GlobalSection(ExtensibilityGlobals) = postSolution
		SolutionGuid = {332FEDC6-3C72-48C4-835F-4B097CE6C0AB}
	EndGlobalSection
EndGlobal
